
Microsoft Visual Studio Solution File, Format Version 12.00
# Visual Studio Version 16
VisualStudioVersion = 16.0.31624.102
MinimumVisualStudioVersion = 10.0.40219.1
Project("{FAE04EC0-301F-11D3-BF4B-00C04F79EFBC}") = "ИС Абитериент", "ИС Абитериент\ИС Абитериент.csproj", "{6E264691-4E7E-4EF0-8BB0-A6CB5EBE0777}"
EndProject
Global
	GlobalSection(SolutionConfigurationPlatforms) = preSolution
		Debug|Any CPU = Debug|Any CPU
		Release|Any CPU = Release|Any CPU
	EndGlobalSection
	GlobalSection(ProjectConfigurationPlatforms) = postSolution
		{6E264691-4E7E-4EF0-8BB0-A6CB5EBE0777}.Debug|Any CPU.ActiveCfg = Debug|Any CPU
		{6E264691-4E7E-4EF0-8BB0-A6CB5EBE0777}.Debug|Any CPU.Build.0 = Debug|Any CPU
		{6E264691-4E7E-4EF0-8BB0-A6CB5EBE0777}.Release|Any CPU.ActiveCfg = Release|Any CPU
		{6E264691-4E7E-4EF0-8BB0-A6CB5EBE0777}.Release|Any CPU.Build.0 = Release|Any CPU
	EndGlobalSection
	GlobalSection(SolutionProperties) = preSolution
		HideSolutionNode = FALSE
	EndGlobalSection
	GlobalSection(ExtensibilityGlobals) = postSolution
		SolutionGuid = {8F265A44-43EF-40AA-8620-894883C0B261}
	EndGlobalSection
EndGlobal
